
Microsoft Visual Studio Solution File, Format Version 12.00
# Visual Studio Version 17
VisualStudioVersion = 17.8.34322.80
MinimumVisualStudioVersion = 10.0.40219.1
Project("{9A19103F-16F7-4668-BE54-9A1E7A4F7556}") = "AssetManagementBase", "AssetManagementBase\AssetManagementBase.csproj", "{00A80433-C703-4657-AFC1-5A16B674DB02}"
EndProject
Project("{9A19103F-16F7-4668-BE54-9A1E7A4F7556}") = "AssetManagementBase.Tests", "AssetManagementBase.Tests\AssetManagementBase.Tests.csproj", "{1E20192D-CF24-43E0-B958-3BB558A374B7}"
EndProject
Global
	GlobalSection(SolutionConfigurationPlatforms) = preSolution
		Debug|Any CPU = Debug|Any CPU
		Release|Any CPU = Release|Any CPU
	EndGlobalSection
	GlobalSection(ProjectConfigurationPlatforms) = postSolution
		{00A80433-C703-4657-AFC1-5A16B674DB02}.Debug|Any CPU.ActiveCfg = Debug|Any CPU
		{00A80433-C703-4657-AFC1-5A16B674DB02}.Debug|Any CPU.Build.0 = Debug|Any CPU
		{00A80433-C703-4657-AFC1-5A16B674DB02}.Release|Any CPU.ActiveCfg = Release|Any CPU
		{00A80433-C703-4657-AFC1-5A16B674DB02}.Release|Any CPU.Build.0 = Release|Any CPU
		{1E20192D-CF24-43E0-B958-3BB558A374B7}.Debug|Any CPU.ActiveCfg = Debug|Any CPU
		{1E20192D-CF24-43E0-B958-3BB558A374B7}.Debug|Any CPU.Build.0 = Debug|Any CPU
		{1E20192D-CF24-43E0-B958-3BB558A374B7}.Release|Any CPU.ActiveCfg = Release|Any CPU
		{1E20192D-CF24-43E0-B958-3BB558A374B7}.Release|Any CPU.Build.0 = Release|Any CPU
	EndGlobalSection
	GlobalSection(SolutionProperties) = preSolution
		HideSolutionNode = FALSE
	EndGlobalSection
	GlobalSection(ExtensibilityGlobals) = postSolution
		SolutionGuid = {EBC31F49-9C77-4F8A-93D0-02BCC59110AF}
	EndGlobalSection
EndGlobal
